
Microsoft Visual Studio Solution File, Format Version 12.00
# Visual Studio Version 17
VisualStudioVersion = 17.11.35312.102
MinimumVisualStudioVersion = 10.0.40219.1
Project("{FAE04EC0-301F-11D3-BF4B-00C04F79EFBC}") = "ars2", "ars2\ars2.csproj", "{2D1A75BC-DB5F-47B8-958F-0782F114AB24}"
EndProject
Global
	GlobalSection(SolutionConfigurationPlatforms) = preSolution
		Debug|Any CPU = Debug|Any CPU
		Release|Any CPU = Release|Any CPU
	EndGlobalSection
	GlobalSection(ProjectConfigurationPlatforms) = postSolution
		{2D1A75BC-DB5F-47B8-958F-0782F114AB24}.Debug|Any CPU.ActiveCfg = Debug|Any CPU
		{2D1A75BC-DB5F-47B8-958F-0782F114AB24}.Debug|Any CPU.Build.0 = Debug|Any CPU
		{2D1A75BC-DB5F-47B8-958F-0782F114AB24}.Release|Any CPU.ActiveCfg = Release|Any CPU
		{2D1A75BC-DB5F-47B8-958F-0782F114AB24}.Release|Any CPU.Build.0 = Release|Any CPU
	EndGlobalSection
	GlobalSection(SolutionProperties) = preSolution
		HideSolutionNode = FALSE
	EndGlobalSection
	GlobalSection(ExtensibilityGlobals) = postSolution
		SolutionGuid = {EB9AC5CB-BC63-4802-8538-E82A46DE2B3D}
	EndGlobalSection
EndGlobal
